// !$*UTF8*$!
{
	archiveVersion = 1;
	classes = {
	};
	objectVersion = 55;
	objects = {

/* Begin PBXBuildFile section */
		FADB380C27847818005A3852 /* leaf-c.h in Headers */ = {isa = PBXBuildFile; fileRef = FADB37D827847618005A3852 /* leaf-c.h */; };
		FADB380D27847818005A3852 /* leaf.swift in Sources */ = {isa = PBXBuildFile; fileRef = FA8177942783142700DFB7AE /* leaf.swift */; settings = {COMPILER_FLAGS = "-lleaf"; }; };
		FADB380E27847819005A3852 /* leaf-c.h in Headers */ = {isa = PBXBuildFile; fileRef = FADB37D827847618005A3852 /* leaf-c.h */; };
		FADB380F27847819005A3852 /* leaf.swift in Sources */ = {isa = PBXBuildFile; fileRef = FA8177942783142700DFB7AE /* leaf.swift */; };
		FADB382327848ACF005A3852 /* debug.xcconfig in Resources */ = {isa = PBXBuildFile; fileRef = FADB382227848ACF005A3852 /* debug.xcconfig */; };
		FADB382427848ACF005A3852 /* debug.xcconfig in Resources */ = {isa = PBXBuildFile; fileRef = FADB382227848ACF005A3852 /* debug.xcconfig */; };
		FADB382627848BEE005A3852 /* release.xcconfig in Resources */ = {isa = PBXBuildFile; fileRef = FADB382527848BEE005A3852 /* release.xcconfig */; };
		FADB382727848BEE005A3852 /* release.xcconfig in Resources */ = {isa = PBXBuildFile; fileRef = FADB382527848BEE005A3852 /* release.xcconfig */; };
/* End PBXBuildFile section */

/* Begin PBXFileReference section */
		FA8177942783142700DFB7AE /* leaf.swift */ = {isa = PBXFileReference; lastKnownFileType = sourcecode.swift; path = leaf.swift; sourceTree = "<group>"; };
		FADB37D827847618005A3852 /* leaf-c.h */ = {isa = PBXFileReference; lastKnownFileType = sourcecode.c.h; path = "leaf-c.h"; sourceTree = "<group>"; };
		FADB37F9278477F3005A3852 /* leaf.framework */ = {isa = PBXFileReference; explicitFileType = wrapper.framework; includeInIndex = 0; path = leaf.framework; sourceTree = BUILT_PRODUCTS_DIR; };
		FADB380527847805005A3852 /* leaf.framework */ = {isa = PBXFileReference; explicitFileType = wrapper.framework; includeInIndex = 0; path = leaf.framework; sourceTree = BUILT_PRODUCTS_DIR; };
		FADB381527848318005A3852 /* build.sh */ = {isa = PBXFileReference; lastKnownFileType = text.script.sh; path = build.sh; sourceTree = "<group>"; };
		FADB382227848ACF005A3852 /* debug.xcconfig */ = {isa = PBXFileReference; lastKnownFileType = text.xcconfig; path = debug.xcconfig; sourceTree = "<group>"; };
		FADB382527848BEE005A3852 /* release.xcconfig */ = {isa = PBXFileReference; lastKnownFileType = text.xcconfig; path = release.xcconfig; sourceTree = "<group>"; };
		FADB383B278547A8005A3852 /* module.modulemap */ = {isa = PBXFileReference; lastKnownFileType = "sourcecode.module-map"; path = module.modulemap; sourceTree = "<group>"; };
/* End PBXFileReference section */

/* Begin PBXFrameworksBuildPhase section */
		FADB37F6278477F3005A3852 /* Frameworks */ = {
			isa = PBXFrameworksBuildPhase;
			buildActionMask = 2147483647;
			files = (
			);
			runOnlyForDeploymentPostprocessing = 0;
		};
		FADB380227847805005A3852 /* Frameworks */ = {
			isa = PBXFrameworksBuildPhase;
			buildActionMask = 2147483647;
			files = (
			);
			runOnlyForDeploymentPostprocessing = 0;
		};
/* End PBXFrameworksBuildPhase section */

/* Begin PBXGroup section */
		FA59C32E2782EFBF0077B2EE = {
			isa = PBXGroup;
			children = (
				FADB383B278547A8005A3852 /* module.modulemap */,
				FADB382827848BF8005A3852 /* configs */,
				FADB381527848318005A3852 /* build.sh */,
				FADB37D827847618005A3852 /* leaf-c.h */,
				FA8177942783142700DFB7AE /* leaf.swift */,
				FADB37F9278477F3005A3852 /* leaf.framework */,
				FADB380527847805005A3852 /* leaf.framework */,
			);
			sourceTree = "<group>";
		};
		FADB382827848BF8005A3852 /* configs */ = {
			isa = PBXGroup;
			children = (
				FADB382527848BEE005A3852 /* release.xcconfig */,
				FADB382227848ACF005A3852 /* debug.xcconfig */,
			);
			path = configs;
			sourceTree = "<group>";
		};
/* End PBXGroup section */

/* Begin PBXHeadersBuildPhase section */
		FADB37F4278477F3005A3852 /* Headers */ = {
			isa = PBXHeadersBuildPhase;
			buildActionMask = 2147483647;
			files = (
				FADB380C27847818005A3852 /* leaf-c.h in Headers */,
			);
			runOnlyForDeploymentPostprocessing = 0;
		};
		FADB380027847805005A3852 /* Headers */ = {
			isa = PBXHeadersBuildPhase;
			buildActionMask = 2147483647;
			files = (
				FADB380E27847819005A3852 /* leaf-c.h in Headers */,
			);
			runOnlyForDeploymentPostprocessing = 0;
		};
/* End PBXHeadersBuildPhase section */

/* Begin PBXNativeTarget section */
		FADB37F8278477F3005A3852 /* leaf_macos */ = {
			isa = PBXNativeTarget;
			buildConfigurationList = FADB37FD278477F3005A3852 /* Build configuration list for PBXNativeTarget "leaf_macos" */;
			buildPhases = (
				FADB37F4278477F3005A3852 /* Headers */,
				FADB381327847F1E005A3852 /* Compile Rust Code */,
				FADB37F5278477F3005A3852 /* Sources */,
				FADB37F6278477F3005A3852 /* Frameworks */,
				FADB37F7278477F3005A3852 /* Resources */,
				FADB383527853263005A3852 /* Copy to Build Dir */,
			);
			buildRules = (
			);
			dependencies = (
			);
			name = leaf_macos;
			productName = "leaf-macos";
			productReference = FADB37F9278477F3005A3852 /* leaf.framework */;
			productType = "com.apple.product-type.framework";
		};
		FADB380427847805005A3852 /* leaf_ios */ = {
			isa = PBXNativeTarget;
			buildConfigurationList = FADB380927847805005A3852 /* Build configuration list for PBXNativeTarget "leaf_ios" */;
			buildPhases = (
				FADB380027847805005A3852 /* Headers */,
				FADB382E27851F48005A3852 /* Compile Rust Code */,
				FADB380127847805005A3852 /* Sources */,
				FADB380227847805005A3852 /* Frameworks */,
				FADB380327847805005A3852 /* Resources */,
				FADB383627853558005A3852 /* Copy To Build Dir */,
			);
			buildRules = (
			);
			dependencies = (
			);
			name = leaf_ios;
			productName = "leaf-ios";
			productReference = FADB380527847805005A3852 /* leaf.framework */;
			productType = "com.apple.product-type.framework";
		};
/* End PBXNativeTarget section */

/* Begin PBXProject section */
		FA59C32F2782EFBF0077B2EE /* Project object */ = {
			isa = PBXProject;
			attributes = {
				BuildIndependentTargetsInParallel = 1;
				LastSwiftUpdateCheck = 1320;
				LastUpgradeCheck = 1320;
				TargetAttributes = {
					FADB37F8278477F3005A3852 = {
						CreatedOnToolsVersion = 13.2.1;
					};
					FADB380427847805005A3852 = {
						CreatedOnToolsVersion = 13.2.1;
					};
				};
			};
			buildConfigurationList = FA59C3322782EFBF0077B2EE /* Build configuration list for PBXProject "leaf" */;
			compatibilityVersion = "Xcode 13.0";
			developmentRegion = en;
			hasScannedForEncodings = 0;
			knownRegions = (
				en,
				Base,
			);
			mainGroup = FA59C32E2782EFBF0077B2EE;
			productRefGroup = FA59C32E2782EFBF0077B2EE;
			projectDirPath = "";
			projectRoot = "";
			targets = (
				FADB37F8278477F3005A3852 /* leaf_macos */,
				FADB380427847805005A3852 /* leaf_ios */,
			);
		};
/* End PBXProject section */

/* Begin PBXResourcesBuildPhase section */
		FADB37F7278477F3005A3852 /* Resources */ = {
			isa = PBXResourcesBuildPhase;
			buildActionMask = 2147483647;
			files = (
				FADB382627848BEE005A3852 /* release.xcconfig in Resources */,
				FADB382327848ACF005A3852 /* debug.xcconfig in Resources */,
			);
			runOnlyForDeploymentPostprocessing = 0;
		};
		FADB380327847805005A3852 /* Resources */ = {
			isa = PBXResourcesBuildPhase;
			buildActionMask = 2147483647;
			files = (
				FADB382727848BEE005A3852 /* release.xcconfig in Resources */,
				FADB382427848ACF005A3852 /* debug.xcconfig in Resources */,
			);
			runOnlyForDeploymentPostprocessing = 0;
		};
/* End PBXResourcesBuildPhase section */

/* Begin PBXShellScriptBuildPhase section */
		FADB381327847F1E005A3852 /* Compile Rust Code */ = {
			isa = PBXShellScriptBuildPhase;
			buildActionMask = 2147483647;
			files = (
			);
			inputFileListPaths = (
			);
			inputPaths = (
			);
			name = "Compile Rust Code";
			outputFileListPaths = (
			);
			outputPaths = (
			);
			runOnlyForDeploymentPostprocessing = 0;
			shellPath = /bin/sh;
			shellScript = "PATH=${PATH}:$HOME/.cargo/bin\n$PROJECT_DIR/build.sh macos\n";
		};
		FADB382E27851F48005A3852 /* Compile Rust Code */ = {
			isa = PBXShellScriptBuildPhase;
			buildActionMask = 2147483647;
			files = (
			);
			inputFileListPaths = (
			);
			inputPaths = (
			);
			name = "Compile Rust Code";
			outputFileListPaths = (
			);
			outputPaths = (
			);
			runOnlyForDeploymentPostprocessing = 0;
			shellPath = /bin/sh;
			shellScript = "PATH=${PATH}:$HOME/.cargo/bin\n$PROJECT_DIR/build.sh ios\n";
		};
		FADB383527853263005A3852 /* Copy to Build Dir */ = {
			isa = PBXShellScriptBuildPhase;
			buildActionMask = 2147483647;
			files = (
			);
			inputFileListPaths = (
			);
			inputPaths = (
			);
			name = "Copy to Build Dir";
			outputFileListPaths = (
			);
			outputPaths = (
			);
			runOnlyForDeploymentPostprocessing = 0;
			shellPath = /bin/sh;
			shellScript = "cp -r $TARGET_BUILD_DIR/$FULL_PRODUCT_NAME $(PROJECT_DIR)../build/apple/$CONFIGURATION-$PLATFORM_NAME/leaf.framework\n";
		};
		FADB383627853558005A3852 /* Copy To Build Dir */ = {
			isa = PBXShellScriptBuildPhase;
			buildActionMask = 2147483647;
			files = (
			);
			inputFileListPaths = (
			);
			inputPaths = (
			);
			name = "Copy To Build Dir";
			outputFileListPaths = (
			);
			outputPaths = (
			);
			runOnlyForDeploymentPostprocessing = 0;
			shellPath = /bin/sh;
			shellScript = "cp -r $TARGET_BUILD_DIR/$FULL_PRODUCT_NAME $(PROJECT_DIR)../build/apple/$CONFIGURATION$EFFECTIVE_PLATFORM_NAME/leaf.framework\n";
		};
/* End PBXShellScriptBuildPhase section */

/* Begin PBXSourcesBuildPhase section */
		FADB37F5278477F3005A3852 /* Sources */ = {
			isa = PBXSourcesBuildPhase;
			buildActionMask = 2147483647;
			files = (
				FADB380D27847818005A3852 /* leaf.swift in Sources */,
			);
			runOnlyForDeploymentPostprocessing = 0;
		};
		FADB380127847805005A3852 /* Sources */ = {
			isa = PBXSourcesBuildPhase;
			buildActionMask = 2147483647;
			files = (
				FADB380F27847819005A3852 /* leaf.swift in Sources */,
			);
			runOnlyForDeploymentPostprocessing = 0;
		};
/* End PBXSourcesBuildPhase section */

/* Begin XCBuildConfiguration section */
		FA59C34A2782EFBF0077B2EE /* Debug */ = {
			isa = XCBuildConfiguration;
			baseConfigurationReference = FADB382227848ACF005A3852 /* debug.xcconfig */;
			buildSettings = {
				ALWAYS_SEARCH_USER_PATHS = NO;
				ARCHS = "$(ARCHS_STANDARD_64BIT)";
				CLANG_ANALYZER_NONNULL = YES;
				CLANG_ANALYZER_NUMBER_OBJECT_CONVERSION = YES_AGGRESSIVE;
				CLANG_CXX_LANGUAGE_STANDARD = "gnu++17";
				CLANG_CXX_LIBRARY = "libc++";
				CLANG_ENABLE_MODULES = YES;
				CLANG_ENABLE_OBJC_ARC = YES;
				CLANG_ENABLE_OBJC_WEAK = YES;
				CLANG_WARN_BLOCK_CAPTURE_AUTORELEASING = YES;
				CLANG_WARN_BOOL_CONVERSION = YES;
				CLANG_WARN_COMMA = YES;
				CLANG_WARN_CONSTANT_CONVERSION = YES;
				CLANG_WARN_DEPRECATED_OBJC_IMPLEMENTATIONS = YES;
				CLANG_WARN_DIRECT_OBJC_ISA_USAGE = YES_ERROR;
				CLANG_WARN_DOCUMENTATION_COMMENTS = YES;
				CLANG_WARN_EMPTY_BODY = YES;
				CLANG_WARN_ENUM_CONVERSION = YES;
				CLANG_WARN_INFINITE_RECURSION = YES;
				CLANG_WARN_INT_CONVERSION = YES;
				CLANG_WARN_NON_LITERAL_NULL_CONVERSION = YES;
				CLANG_WARN_OBJC_IMPLICIT_RETAIN_SELF = YES;
				CLANG_WARN_OBJC_LITERAL_CONVERSION = YES;
				CLANG_WARN_OBJC_ROOT_CLASS = YES_ERROR;
				CLANG_WARN_QUOTED_INCLUDE_IN_FRAMEWORK_HEADER = YES;
				CLANG_WARN_RANGE_LOOP_ANALYSIS = YES;
				CLANG_WARN_STRICT_PROTOTYPES = YES;
				CLANG_WARN_SUSPICIOUS_MOVE = YES;
				CLANG_WARN_UNGUARDED_AVAILABILITY = YES_AGGRESSIVE;
				CLANG_WARN_UNREACHABLE_CODE = YES;
				CLANG_WARN__DUPLICATE_METHOD_MATCH = YES;
				COPY_PHASE_STRIP = NO;
				CURRENT_PROJECT_VERSION = 1;
				DEBUG_INFORMATION_FORMAT = dwarf;
				ENABLE_STRICT_OBJC_MSGSEND = YES;
				ENABLE_TESTABILITY = YES;
				GCC_C_LANGUAGE_STANDARD = gnu11;
				GCC_DYNAMIC_NO_PIC = NO;
				GCC_NO_COMMON_BLOCKS = YES;
				GCC_OPTIMIZATION_LEVEL = 0;
				GCC_PREPROCESSOR_DEFINITIONS = (
					"DEBUG=1",
					"$(inherited)",
				);
				GCC_WARN_64_TO_32_BIT_CONVERSION = YES;
				GCC_WARN_ABOUT_RETURN_TYPE = YES_ERROR;
				GCC_WARN_UNDECLARED_SELECTOR = YES;
				GCC_WARN_UNINITIALIZED_AUTOS = YES_AGGRESSIVE;
				GCC_WARN_UNUSED_FUNCTION = YES;
				GCC_WARN_UNUSED_VARIABLE = YES;
				LIBRARY_SEARCH_PATHS = "";
				MACOSX_DEPLOYMENT_TARGET = 10.15;
				MODULEMAP_FILE = "";
				MTL_ENABLE_DEBUG_INFO = INCLUDE_SOURCE;
				MTL_FAST_MATH = YES;
				ONLY_ACTIVE_ARCH = NO;
				OTHER_LDFLAGS = "-lleaf";
				OTHER_LIBTOOLFLAGS = "";
				SDKROOT = macosx;
				SWIFT_ACTIVE_COMPILATION_CONDITIONS = DEBUG;
				SWIFT_INCLUDE_PATHS = "$(PROJECT_DIR)";
				SWIFT_OBJC_BRIDGING_HEADER = "";
				SWIFT_OPTIMIZATION_LEVEL = "-Onone";
				VERSIONING_SYSTEM = "apple-generic";
				VERSION_INFO_PREFIX = "";
			};
			name = Debug;
		};
		FA59C34B2782EFBF0077B2EE /* Release */ = {
			isa = XCBuildConfiguration;
			baseConfigurationReference = FADB382527848BEE005A3852 /* release.xcconfig */;
			buildSettings = {
				ALWAYS_SEARCH_USER_PATHS = NO;
				ARCHS = "$(ARCHS_STANDARD_64BIT)";
				CLANG_ANALYZER_NONNULL = YES;
				CLANG_ANALYZER_NUMBER_OBJECT_CONVERSION = YES_AGGRESSIVE;
				CLANG_CXX_LANGUAGE_STANDARD = "gnu++17";
				CLANG_CXX_LIBRARY = "libc++";
				CLANG_ENABLE_MODULES = YES;
				CLANG_ENABLE_OBJC_ARC = YES;
				CLANG_ENABLE_OBJC_WEAK = YES;
				CLANG_WARN_BLOCK_CAPTURE_AUTORELEASING = YES;
				CLANG_WARN_BOOL_CONVERSION = YES;
				CLANG_WARN_COMMA = YES;
				CLANG_WARN_CONSTANT_CONVERSION = YES;
				CLANG_WARN_DEPRECATED_OBJC_IMPLEMENTATIONS = YES;
				CLANG_WARN_DIRECT_OBJC_ISA_USAGE = YES_ERROR;
				CLANG_WARN_DOCUMENTATION_COMMENTS = YES;
				CLANG_WARN_EMPTY_BODY = YES;
				CLANG_WARN_ENUM_CONVERSION = YES;
				CLANG_WARN_INFINITE_RECURSION = YES;
				CLANG_WARN_INT_CONVERSION = YES;
				CLANG_WARN_NON_LITERAL_NULL_CONVERSION = YES;
				CLANG_WARN_OBJC_IMPLICIT_RETAIN_SELF = YES;
				CLANG_WARN_OBJC_LITERAL_CONVERSION = YES;
				CLANG_WARN_OBJC_ROOT_CLASS = YES_ERROR;
				CLANG_WARN_QUOTED_INCLUDE_IN_FRAMEWORK_HEADER = YES;
				CLANG_WARN_RANGE_LOOP_ANALYSIS = YES;
				CLANG_WARN_STRICT_PROTOTYPES = YES;
				CLANG_WARN_SUSPICIOUS_MOVE = YES;
				CLANG_WARN_UNGUARDED_AVAILABILITY = YES_AGGRESSIVE;
				CLANG_WARN_UNREACHABLE_CODE = YES;
				CLANG_WARN__DUPLICATE_METHOD_MATCH = YES;
				COPY_PHASE_STRIP = NO;
				CURRENT_PROJECT_VERSION = 1;
				DEBUG_INFORMATION_FORMAT = "dwarf-with-dsym";
				ENABLE_NS_ASSERTIONS = NO;
				ENABLE_STRICT_OBJC_MSGSEND = YES;
				GCC_C_LANGUAGE_STANDARD = gnu11;
				GCC_NO_COMMON_BLOCKS = YES;
				GCC_WARN_64_TO_32_BIT_CONVERSION = YES;
				GCC_WARN_ABOUT_RETURN_TYPE = YES_ERROR;
				GCC_WARN_UNDECLARED_SELECTOR = YES;
				GCC_WARN_UNINITIALIZED_AUTOS = YES_AGGRESSIVE;
				GCC_WARN_UNUSED_FUNCTION = YES;
				GCC_WARN_UNUSED_VARIABLE = YES;
				LIBRARY_SEARCH_PATHS = "";
				MACOSX_DEPLOYMENT_TARGET = 10.15;
				MODULEMAP_FILE = "";
				MTL_ENABLE_DEBUG_INFO = NO;
				MTL_FAST_MATH = YES;
				OTHER_LDFLAGS = "-lleaf";
				OTHER_LIBTOOLFLAGS = "";
				SDKROOT = macosx;
				SWIFT_COMPILATION_MODE = wholemodule;
				SWIFT_INCLUDE_PATHS = "$(PROJECT_DIR)";
				SWIFT_OBJC_BRIDGING_HEADER = "";
				SWIFT_OPTIMIZATION_LEVEL = "-O";
				VERSIONING_SYSTEM = "apple-generic";
				VERSION_INFO_PREFIX = "";
			};
			name = Release;
		};
		FADB37FE278477F3005A3852 /* Debug */ = {
			isa = XCBuildConfiguration;
			buildSettings = {
				ARCHS = "$(ARCHS_STANDARD)";
				BUILD_LIBRARY_FOR_DISTRIBUTION = YES;
				CODE_SIGN_STYLE = Automatic;
				COMBINE_HIDPI_IMAGES = YES;
				CURRENT_PROJECT_VERSION = 1;
				DEFINES_MODULE = YES;
				DEVELOPMENT_TEAM = 7R6X3T4SL4;
				DYLIB_COMPATIBILITY_VERSION = 1;
				DYLIB_CURRENT_VERSION = 1;
				DYLIB_INSTALL_NAME_BASE = "@rpath";
				GENERATE_INFOPLIST_FILE = YES;
				INFOPLIST_KEY_NSHumanReadableCopyright = "";
				INSTALL_PATH = "$(LOCAL_LIBRARY_DIR)/Frameworks";
				LD_RUNPATH_SEARCH_PATHS = (
					"$(inherited)",
					"@executable_path/../Frameworks",
					"@loader_path/Frameworks",
				);
				LIBRARY_SEARCH_PATHS = "$(PROJECT_DIR)/../build/apple/$(CONFIGURATION)-$(PLATFORM_NAME)";
				MARKETING_VERSION = 1.0;
				PRODUCT_BUNDLE_IDENTIFIER = "com.github.leaf.leaf-macos";
				PRODUCT_NAME = leaf;
				SKIP_INSTALL = YES;
				SWIFT_EMIT_LOC_STRINGS = YES;
				SWIFT_VERSION = 5.0;
			};
			name = Debug;
		};
		FADB37FF278477F3005A3852 /* Release */ = {
			isa = XCBuildConfiguration;
			buildSettings = {
				ARCHS = "$(ARCHS_STANDARD)";
				BUILD_LIBRARY_FOR_DISTRIBUTION = YES;
				CODE_SIGN_STYLE = Automatic;
				COMBINE_HIDPI_IMAGES = YES;
				CURRENT_PROJECT_VERSION = 1;
				DEFINES_MODULE = YES;
				DEVELOPMENT_TEAM = 7R6X3T4SL4;
				DYLIB_COMPATIBILITY_VERSION = 1;
				DYLIB_CURRENT_VERSION = 1;
				DYLIB_INSTALL_NAME_BASE = "@rpath";
				GENERATE_INFOPLIST_FILE = YES;
				INFOPLIST_KEY_NSHumanReadableCopyright = "";
				INSTALL_PATH = "$(LOCAL_LIBRARY_DIR)/Frameworks";
				LD_RUNPATH_SEARCH_PATHS = (
					"$(inherited)",
					"@executable_path/../Frameworks",
					"@loader_path/Frameworks",
				);
				LIBRARY_SEARCH_PATHS = "$(PROJECT_DIR)/../build/apple/$(CONFIGURATION)-$(PLATFORM_NAME)";
				MARKETING_VERSION = 1.0;
				PRODUCT_BUNDLE_IDENTIFIER = "com.github.leaf.leaf-macos";
				PRODUCT_NAME = leaf;
				SKIP_INSTALL = YES;
				SWIFT_EMIT_LOC_STRINGS = YES;
				SWIFT_VERSION = 5.0;
			};
			name = Release;
		};
		FADB380A27847805005A3852 /* Debug */ = {
			isa = XCBuildConfiguration;
			buildSettings = {
				ARCHS = "$(ARCHS_STANDARD)";
				BUILD_LIBRARY_FOR_DISTRIBUTION = YES;
				CODE_SIGN_STYLE = Automatic;
				CURRENT_PROJECT_VERSION = 1;
				DEFINES_MODULE = YES;
				DEVELOPMENT_TEAM = 7R6X3T4SL4;
				DYLIB_COMPATIBILITY_VERSION = 1;
				DYLIB_CURRENT_VERSION = 1;
				DYLIB_INSTALL_NAME_BASE = "@rpath";
				GENERATE_INFOPLIST_FILE = YES;
				INFOPLIST_KEY_NSHumanReadableCopyright = "";
				INSTALL_PATH = "$(LOCAL_LIBRARY_DIR)/Frameworks";
				IPHONEOS_DEPLOYMENT_TARGET = 15.2;
				LD_RUNPATH_SEARCH_PATHS = (
					"$(inherited)",
					"@executable_path/Frameworks",
					"@loader_path/Frameworks",
				);
				LIBRARY_SEARCH_PATHS = "$(PROJECT_DIR)/../build/apple/$(CONFIGURATION)$(EFFECTIVE_PLATFORM_NAME)";
				MARKETING_VERSION = 1.0;
				PRODUCT_BUNDLE_IDENTIFIER = "com.github.leaf.leaf-ios";
				PRODUCT_NAME = leaf;
				SDKROOT = iphoneos;
				SKIP_INSTALL = YES;
				SWIFT_EMIT_LOC_STRINGS = YES;
				SWIFT_VERSION = 5.0;
				TARGETED_DEVICE_FAMILY = "1,2";
			};
			name = Debug;
		};
		FADB380B27847805005A3852 /* Release */ = {
			isa = XCBuildConfiguration;
			buildSettings = {
				ARCHS = "$(ARCHS_STANDARD)";
				BUILD_LIBRARY_FOR_DISTRIBUTION = YES;
				CODE_SIGN_STYLE = Automatic;
				CURRENT_PROJECT_VERSION = 1;
				DEFINES_MODULE = YES;
				DEVELOPMENT_TEAM = 7R6X3T4SL4;
				DYLIB_COMPATIBILITY_VERSION = 1;
				DYLIB_CURRENT_VERSION = 1;
				DYLIB_INSTALL_NAME_BASE = "@rpath";
				GENERATE_INFOPLIST_FILE = YES;
				INFOPLIST_KEY_NSHumanReadableCopyright = "";
				INSTALL_PATH = "$(LOCAL_LIBRARY_DIR)/Frameworks";
				IPHONEOS_DEPLOYMENT_TARGET = 15.2;
				LD_RUNPATH_SEARCH_PATHS = (
					"$(inherited)",
					"@executable_path/Frameworks",
					"@loader_path/Frameworks",
				);
				LIBRARY_SEARCH_PATHS = "$(PROJECT_DIR)/../build/apple/$(CONFIGURATION)$(EFFECTIVE_PLATFORM_NAME)";
				MARKETING_VERSION = 1.0;
				PRODUCT_BUNDLE_IDENTIFIER = "com.github.leaf.leaf-ios";
				PRODUCT_NAME = leaf;
				SDKROOT = iphoneos;
				SKIP_INSTALL = YES;
				SWIFT_EMIT_LOC_STRINGS = YES;
				SWIFT_VERSION = 5.0;
				TARGETED_DEVICE_FAMILY = "1,2";
				VALIDATE_PRODUCT = YES;
			};
			name = Release;
		};
/* End XCBuildConfiguration section */

/* Begin XCConfigurationList section */
		FA59C3322782EFBF0077B2EE /* Build configuration list for PBXProject "leaf" */ = {
			isa = XCConfigurationList;
			buildConfigurations = (
				FA59C34A2782EFBF0077B2EE /* Debug */,
				FA59C34B2782EFBF0077B2EE /* Release */,
			);
			defaultConfigurationIsVisible = 0;
			defaultConfigurationName = Release;
		};
		FADB37FD278477F3005A3852 /* Build configuration list for PBXNativeTarget "leaf_macos" */ = {
			isa = XCConfigurationList;
			buildConfigurations = (
				FADB37FE278477F3005A3852 /* Debug */,
				FADB37FF278477F3005A3852 /* Release */,
			);
			defaultConfigurationIsVisible = 0;
			defaultConfigurationName = Release;
		};
		FADB380927847805005A3852 /* Build configuration list for PBXNativeTarget "leaf_ios" */ = {
			isa = XCConfigurationList;
			buildConfigurations = (
				FADB380A27847805005A3852 /* Debug */,
				FADB380B27847805005A3852 /* Release */,
			);
			defaultConfigurationIsVisible = 0;
			defaultConfigurationName = Release;
		};
/* End XCConfigurationList section */
	};
	rootObject = FA59C32F2782EFBF0077B2EE /* Project object */;
}
